// !$*UTF8*$!
{
	archiveVersion = 1;
	classes = {
	};
	objectVersion = 50;
	objects = {

/* Begin PBXBuildFile section */
		7C58A84B2214A4DB00994A6A /* AppDelegate.swift in Sources */ = {isa = PBXBuildFile; fileRef = 7C58A84A2214A4DB00994A6A /* AppDelegate.swift */; };
		7C58A84D2214A4DB00994A6A /* MapVC.swift in Sources */ = {isa = PBXBuildFile; fileRef = 7C58A84C2214A4DB00994A6A /* MapVC.swift */; };
		7C58A8502214A4DB00994A6A /* Main.storyboard in Resources */ = {isa = PBXBuildFile; fileRef = 7C58A84E2214A4DB00994A6A /* Main.storyboard */; };
		7C58A8522214A4DE00994A6A /* Assets.xcassets in Resources */ = {isa = PBXBuildFile; fileRef = 7C58A8512214A4DE00994A6A /* Assets.xcassets */; };
		7C58A8552214A4DE00994A6A /* LaunchScreen.storyboard in Resources */ = {isa = PBXBuildFile; fileRef = 7C58A8532214A4DE00994A6A /* LaunchScreen.storyboard */; };
		7C58A8612218558200994A6A /* DroppablePin.swift in Sources */ = {isa = PBXBuildFile; fileRef = 7C58A8602218558200994A6A /* DroppablePin.swift */; };
		7C58A863221986C100994A6A /* PhotoCell.swift in Sources */ = {isa = PBXBuildFile; fileRef = 7C58A862221986C100994A6A /* PhotoCell.swift */; };
		7C58A8652219B47600994A6A /* Constants.swift in Sources */ = {isa = PBXBuildFile; fileRef = 7C58A8642219B47600994A6A /* Constants.swift */; };
		BE54E3FC3AE57D2F48FF25A9 /* Pods_pixel_city.framework in Frameworks */ = {isa = PBXBuildFile; fileRef = 2E91D26A8A2255FB329F5890 /* Pods_pixel_city.framework */; };
/* End PBXBuildFile section */

/* Begin PBXFileReference section */
		2E91D26A8A2255FB329F5890 /* Pods_pixel_city.framework */ = {isa = PBXFileReference; explicitFileType = wrapper.framework; includeInIndex = 0; path = Pods_pixel_city.framework; sourceTree = BUILT_PRODUCTS_DIR; };
		4466AF1FE1D394C82200C832 /* Pods-pixel-city.debug.xcconfig */ = {isa = PBXFileReference; includeInIndex = 1; lastKnownFileType = text.xcconfig; name = "Pods-pixel-city.debug.xcconfig"; path = "Target Support Files/Pods-pixel-city/Pods-pixel-city.debug.xcconfig"; sourceTree = "<group>"; };
		7C58A8472214A4DB00994A6A /* pixel-city.app */ = {isa = PBXFileReference; explicitFileType = wrapper.application; includeInIndex = 0; path = "pixel-city.app"; sourceTree = BUILT_PRODUCTS_DIR; };
		7C58A84A2214A4DB00994A6A /* AppDelegate.swift */ = {isa = PBXFileReference; lastKnownFileType = sourcecode.swift; path = AppDelegate.swift; sourceTree = "<group>"; };
		7C58A84C2214A4DB00994A6A /* MapVC.swift */ = {isa = PBXFileReference; lastKnownFileType = sourcecode.swift; path = MapVC.swift; sourceTree = "<group>"; };
		7C58A84F2214A4DB00994A6A /* Base */ = {isa = PBXFileReference; lastKnownFileType = file.storyboard; name = Base; path = Base.lproj/Main.storyboard; sourceTree = "<group>"; };
		7C58A8512214A4DE00994A6A /* Assets.xcassets */ = {isa = PBXFileReference; lastKnownFileType = folder.assetcatalog; path = Assets.xcassets; sourceTree = "<group>"; };
		7C58A8542214A4DE00994A6A /* Base */ = {isa = PBXFileReference; lastKnownFileType = file.storyboard; name = Base; path = Base.lproj/LaunchScreen.storyboard; sourceTree = "<group>"; };
		7C58A8562214A4DE00994A6A /* Info.plist */ = {isa = PBXFileReference; lastKnownFileType = text.plist.xml; path = Info.plist; sourceTree = "<group>"; };
		7C58A8602218558200994A6A /* DroppablePin.swift */ = {isa = PBXFileReference; lastKnownFileType = sourcecode.swift; path = DroppablePin.swift; sourceTree = "<group>"; };
		7C58A862221986C100994A6A /* PhotoCell.swift */ = {isa = PBXFileReference; lastKnownFileType = sourcecode.swift; path = PhotoCell.swift; sourceTree = "<group>"; };
		7C58A8642219B47600994A6A /* Constants.swift */ = {isa = PBXFileReference; lastKnownFileType = sourcecode.swift; path = Constants.swift; sourceTree = "<group>"; };
		C2AB242DE4BBB129B710C416 /* Pods-pixel-city.release.xcconfig */ = {isa = PBXFileReference; includeInIndex = 1; lastKnownFileType = text.xcconfig; name = "Pods-pixel-city.release.xcconfig"; path = "Target Support Files/Pods-pixel-city/Pods-pixel-city.release.xcconfig"; sourceTree = "<group>"; };
/* End PBXFileReference section */

/* Begin PBXFrameworksBuildPhase section */
		7C58A8442214A4DB00994A6A /* Frameworks */ = {
			isa = PBXFrameworksBuildPhase;
			buildActionMask = 2147483647;
			files = (
				BE54E3FC3AE57D2F48FF25A9 /* Pods_pixel_city.framework in Frameworks */,
			);
			runOnlyForDeploymentPostprocessing = 0;
		};
/* End PBXFrameworksBuildPhase section */

/* Begin PBXGroup section */
		7C58A83E2214A4DB00994A6A = {
			isa = PBXGroup;
			children = (
				7C58A8492214A4DB00994A6A /* pixel-city */,
				7C58A8482214A4DB00994A6A /* Products */,
				A45E359013DD2F08E64727AB /* Pods */,
				F99870C47899A116C97448C5 /* Frameworks */,
			);
			sourceTree = "<group>";
		};
		7C58A8482214A4DB00994A6A /* Products */ = {
			isa = PBXGroup;
			children = (
				7C58A8472214A4DB00994A6A /* pixel-city.app */,
			);
			name = Products;
			sourceTree = "<group>";
		};
		7C58A8492214A4DB00994A6A /* pixel-city */ = {
			isa = PBXGroup;
			children = (
				7C58A85F2214A53300994A6A /* Utilities */,
				7C58A85E2214A52A00994A6A /* Extensions */,
				7C58A85D2214A51D00994A6A /* View */,
				7C58A85C2214A50800994A6A /* Controller */,
				7C58A84A2214A4DB00994A6A /* AppDelegate.swift */,
				7C58A84E2214A4DB00994A6A /* Main.storyboard */,
				7C58A8512214A4DE00994A6A /* Assets.xcassets */,
				7C58A8532214A4DE00994A6A /* LaunchScreen.storyboard */,
				7C58A8562214A4DE00994A6A /* Info.plist */,
			);
			path = "pixel-city";
			sourceTree = "<group>";
		};
		7C58A85C2214A50800994A6A /* Controller */ = {
			isa = PBXGroup;
			children = (
				7C58A84C2214A4DB00994A6A /* MapVC.swift */,
			);
			path = Controller;
			sourceTree = "<group>";
		};
		7C58A85D2214A51D00994A6A /* View */ = {
			isa = PBXGroup;
			children = (
				7C58A8602218558200994A6A /* DroppablePin.swift */,
				7C58A862221986C100994A6A /* PhotoCell.swift */,
			);
			path = View;
			sourceTree = "<group>";
		};
		7C58A85E2214A52A00994A6A /* Extensions */ = {
			isa = PBXGroup;
			children = (
			);
			path = Extensions;
			sourceTree = "<group>";
		};
		7C58A85F2214A53300994A6A /* Utilities */ = {
			isa = PBXGroup;
			children = (
				7C58A8642219B47600994A6A /* Constants.swift */,
			);
			path = Utilities;
			sourceTree = "<group>";
		};
		A45E359013DD2F08E64727AB /* Pods */ = {
			isa = PBXGroup;
			children = (
				4466AF1FE1D394C82200C832 /* Pods-pixel-city.debug.xcconfig */,
				C2AB242DE4BBB129B710C416 /* Pods-pixel-city.release.xcconfig */,
			);
			path = Pods;
			sourceTree = "<group>";
		};
		F99870C47899A116C97448C5 /* Frameworks */ = {
			isa = PBXGroup;
			children = (
				2E91D26A8A2255FB329F5890 /* Pods_pixel_city.framework */,
			);
			name = Frameworks;
			sourceTree = "<group>";
		};
/* End PBXGroup section */

/* Begin PBXNativeTarget section */
		7C58A8462214A4DB00994A6A /* pixel-city */ = {
			isa = PBXNativeTarget;
			buildConfigurationList = 7C58A8592214A4DE00994A6A /* Build configuration list for PBXNativeTarget "pixel-city" */;
			buildPhases = (
				03DD89123EF4DF523B08A60A /* [CP] Check Pods Manifest.lock */,
				7C58A8432214A4DB00994A6A /* Sources */,
				7C58A8442214A4DB00994A6A /* Frameworks */,
				7C58A8452214A4DB00994A6A /* Resources */,
				1B70E927A2192D5C165A4B6B /* [CP] Embed Pods Frameworks */,
			);
			buildRules = (
			);
			dependencies = (
			);
			name = "pixel-city";
			productName = "pixel-city";
			productReference = 7C58A8472214A4DB00994A6A /* pixel-city.app */;
			productType = "com.apple.product-type.application";
		};
/* End PBXNativeTarget section */

/* Begin PBXProject section */
		7C58A83F2214A4DB00994A6A /* Project object */ = {
			isa = PBXProject;
			attributes = {
				LastSwiftUpdateCheck = 1010;
				LastUpgradeCheck = 1010;
				ORGANIZATIONNAME = "Christopher Parr";
				TargetAttributes = {
					7C58A8462214A4DB00994A6A = {
						CreatedOnToolsVersion = 10.1;
					};
				};
			};
			buildConfigurationList = 7C58A8422214A4DB00994A6A /* Build configuration list for PBXProject "pixel-city" */;
			compatibilityVersion = "Xcode 9.3";
			developmentRegion = en;
			hasScannedForEncodings = 0;
			knownRegions = (
				en,
				Base,
			);
			mainGroup = 7C58A83E2214A4DB00994A6A;
			productRefGroup = 7C58A8482214A4DB00994A6A /* Products */;
			projectDirPath = "";
			projectRoot = "";
			targets = (
				7C58A8462214A4DB00994A6A /* pixel-city */,
			);
		};
/* End PBXProject section */

/* Begin PBXResourcesBuildPhase section */
		7C58A8452214A4DB00994A6A /* Resources */ = {
			isa = PBXResourcesBuildPhase;
			buildActionMask = 2147483647;
			files = (
				7C58A8552214A4DE00994A6A /* LaunchScreen.storyboard in Resources */,
				7C58A8522214A4DE00994A6A /* Assets.xcassets in Resources */,
				7C58A8502214A4DB00994A6A /* Main.storyboard in Resources */,
			);
			runOnlyForDeploymentPostprocessing = 0;
		};
/* End PBXResourcesBuildPhase section */

/* Begin PBXShellScriptBuildPhase section */
		03DD89123EF4DF523B08A60A /* [CP] Check Pods Manifest.lock */ = {
			isa = PBXShellScriptBuildPhase;
			buildActionMask = 2147483647;
			files = (
			);
			inputFileListPaths = (
			);
			inputPaths = (
				"${PODS_PODFILE_DIR_PATH}/Podfile.lock",
				"${PODS_ROOT}/Manifest.lock",
			);
			name = "[CP] Check Pods Manifest.lock";
			outputFileListPaths = (
			);
			outputPaths = (
				"$(DERIVED_FILE_DIR)/Pods-pixel-city-checkManifestLockResult.txt",
			);
			runOnlyForDeploymentPostprocessing = 0;
			shellPath = /bin/sh;
			shellScript = "diff \"${PODS_PODFILE_DIR_PATH}/Podfile.lock\" \"${PODS_ROOT}/Manifest.lock\" > /dev/null\nif [ $? != 0 ] ; then\n    # print error to STDERR\n    echo \"error: The sandbox is not in sync with the Podfile.lock. Run 'pod install' or update your CocoaPods installation.\" >&2\n    exit 1\nfi\n# This output is used by Xcode 'outputs' to avoid re-running this script phase.\necho \"SUCCESS\" > \"${SCRIPT_OUTPUT_FILE_0}\"\n";
			showEnvVarsInLog = 0;
		};
		1B70E927A2192D5C165A4B6B /* [CP] Embed Pods Frameworks */ = {
			isa = PBXShellScriptBuildPhase;
			buildActionMask = 2147483647;
			files = (
			);
			inputFileListPaths = (
			);
			inputPaths = (
				"${PODS_ROOT}/Target Support Files/Pods-pixel-city/Pods-pixel-city-frameworks.sh",
				"${BUILT_PRODUCTS_DIR}/Alamofire/Alamofire.framework",
				"${BUILT_PRODUCTS_DIR}/AlamofireImage/AlamofireImage.framework",
			);
			name = "[CP] Embed Pods Frameworks";
			outputFileListPaths = (
			);
			outputPaths = (
				"${TARGET_BUILD_DIR}/${FRAMEWORKS_FOLDER_PATH}/Alamofire.framework",
				"${TARGET_BUILD_DIR}/${FRAMEWORKS_FOLDER_PATH}/AlamofireImage.framework",
			);
			runOnlyForDeploymentPostprocessing = 0;
			shellPath = /bin/sh;
			shellScript = "\"${PODS_ROOT}/Target Support Files/Pods-pixel-city/Pods-pixel-city-frameworks.sh\"\n";
			showEnvVarsInLog = 0;
		};
/* End PBXShellScriptBuildPhase section */

/* Begin PBXSourcesBuildPhase section */
		7C58A8432214A4DB00994A6A /* Sources */ = {
			isa = PBXSourcesBuildPhase;
			buildActionMask = 2147483647;
			files = (
				7C58A8652219B47600994A6A /* Constants.swift in Sources */,
				7C58A84D2214A4DB00994A6A /* MapVC.swift in Sources */,
				7C58A8612218558200994A6A /* DroppablePin.swift in Sources */,
				7C58A84B2214A4DB00994A6A /* AppDelegate.swift in Sources */,
				7C58A863221986C100994A6A /* PhotoCell.swift in Sources */,
			);
			runOnlyForDeploymentPostprocessing = 0;
		};
/* End PBXSourcesBuildPhase section */

/* Begin PBXVariantGroup section */
		7C58A84E2214A4DB00994A6A /* Main.storyboard */ = {
			isa = PBXVariantGroup;
			children = (
				7C58A84F2214A4DB00994A6A /* Base */,
			);
			name = Main.storyboard;
			sourceTree = "<group>";
		};
		7C58A8532214A4DE00994A6A /* LaunchScreen.storyboard */ = {
			isa = PBXVariantGroup;
			children = (
				7C58A8542214A4DE00994A6A /* Base */,
			);
			name = LaunchScreen.storyboard;
			sourceTree = "<group>";
		};
/* End PBXVariantGroup section */

/* Begin XCBuildConfiguration section */
		7C58A8572214A4DE00994A6A /* Debug */ = {
			isa = XCBuildConfiguration;
			buildSettings = {
				ALWAYS_SEARCH_USER_PATHS = NO;
				CLANG_ANALYZER_NONNULL = YES;
				CLANG_ANALYZER_NUMBER_OBJECT_CONVERSION = YES_AGGRESSIVE;
				CLANG_CXX_LANGUAGE_STANDARD = "gnu++14";
				CLANG_CXX_LIBRARY = "libc++";
				CLANG_ENABLE_MODULES = YES;
				CLANG_ENABLE_OBJC_ARC = YES;
				CLANG_ENABLE_OBJC_WEAK = YES;
				CLANG_WARN_BLOCK_CAPTURE_AUTORELEASING = YES;
				CLANG_WARN_BOOL_CONVERSION = YES;
				CLANG_WARN_COMMA = YES;
				CLANG_WARN_CONSTANT_CONVERSION = YES;
				CLANG_WARN_DEPRECATED_OBJC_IMPLEMENTATIONS = YES;
				CLANG_WARN_DIRECT_OBJC_ISA_USAGE = YES_ERROR;
				CLANG_WARN_DOCUMENTATION_COMMENTS = YES;
				CLANG_WARN_EMPTY_BODY = YES;
				CLANG_WARN_ENUM_CONVERSION = YES;
				CLANG_WARN_INFINITE_RECURSION = YES;
				CLANG_WARN_INT_CONVERSION = YES;
				CLANG_WARN_NON_LITERAL_NULL_CONVERSION = YES;
				CLANG_WARN_OBJC_IMPLICIT_RETAIN_SELF = YES;
				CLANG_WARN_OBJC_LITERAL_CONVERSION = YES;
				CLANG_WARN_OBJC_ROOT_CLASS = YES_ERROR;
				CLANG_WARN_RANGE_LOOP_ANALYSIS = YES;
				CLANG_WARN_STRICT_PROTOTYPES = YES;
				CLANG_WARN_SUSPICIOUS_MOVE = YES;
				CLANG_WARN_UNGUARDED_AVAILABILITY = YES_AGGRESSIVE;
				CLANG_WARN_UNREACHABLE_CODE = YES;
				CLANG_WARN__DUPLICATE_METHOD_MATCH = YES;
				CODE_SIGN_IDENTITY = "iPhone Developer";
				COPY_PHASE_STRIP = NO;
				DEBUG_INFORMATION_FORMAT = dwarf;
				ENABLE_STRICT_OBJC_MSGSEND = YES;
				ENABLE_TESTABILITY = YES;
				GCC_C_LANGUAGE_STANDARD = gnu11;
				GCC_DYNAMIC_NO_PIC = NO;
				GCC_NO_COMMON_BLOCKS = YES;
				GCC_OPTIMIZATION_LEVEL = 0;
				GCC_PREPROCESSOR_DEFINITIONS = (
					"DEBUG=1",
					"$(inherited)",
				);
				GCC_WARN_64_TO_32_BIT_CONVERSION = YES;
				GCC_WARN_ABOUT_RETURN_TYPE = YES_ERROR;
				GCC_WARN_UNDECLARED_SELECTOR = YES;
				GCC_WARN_UNINITIALIZED_AUTOS = YES_AGGRESSIVE;
				GCC_WARN_UNUSED_FUNCTION = YES;
				GCC_WARN_UNUSED_VARIABLE = YES;
				IPHONEOS_DEPLOYMENT_TARGET = 12.1;
				MTL_ENABLE_DEBUG_INFO = INCLUDE_SOURCE;
				MTL_FAST_MATH = YES;
				ONLY_ACTIVE_ARCH = YES;
				SDKROOT = iphoneos;
				SWIFT_ACTIVE_COMPILATION_CONDITIONS = DEBUG;
				SWIFT_OPTIMIZATION_LEVEL = "-Onone";
			};
			name = Debug;
		};
		7C58A8582214A4DE00994A6A /* Release */ = {
			isa = XCBuildConfiguration;
			buildSettings = {
				ALWAYS_SEARCH_USER_PATHS = NO;
				CLANG_ANALYZER_NONNULL = YES;
				CLANG_ANALYZER_NUMBER_OBJECT_CONVERSION = YES_AGGRESSIVE;
				CLANG_CXX_LANGUAGE_STANDARD = "gnu++14";
				CLANG_CXX_LIBRARY = "libc++";
				CLANG_ENABLE_MODULES = YES;
				CLANG_ENABLE_OBJC_ARC = YES;
				CLANG_ENABLE_OBJC_WEAK = YES;
				CLANG_WARN_BLOCK_CAPTURE_AUTORELEASING = YES;
				CLANG_WARN_BOOL_CONVERSION = YES;
				CLANG_WARN_COMMA = YES;
				CLANG_WARN_CONSTANT_CONVERSION = YES;
				CLANG_WARN_DEPRECATED_OBJC_IMPLEMENTATIONS = YES;
				CLANG_WARN_DIRECT_OBJC_ISA_USAGE = YES_ERROR;
				CLANG_WARN_DOCUMENTATION_COMMENTS = YES;
				CLANG_WARN_EMPTY_BODY = YES;
				CLANG_WARN_ENUM_CONVERSION = YES;
				CLANG_WARN_INFINITE_RECURSION = YES;
				CLANG_WARN_INT_CONVERSION = YES;
				CLANG_WARN_NON_LITERAL_NULL_CONVERSION = YES;
				CLANG_WARN_OBJC_IMPLICIT_RETAIN_SELF = YES;
				CLANG_WARN_OBJC_LITERAL_CONVERSION = YES;
				CLANG_WARN_OBJC_ROOT_CLASS = YES_ERROR;
				CLANG_WARN_RANGE_LOOP_ANALYSIS = YES;
				CLANG_WARN_STRICT_PROTOTYPES = YES;
				CLANG_WARN_SUSPICIOUS_MOVE = YES;
				CLANG_WARN_UNGUARDED_AVAILABILITY = YES_AGGRESSIVE;
				CLANG_WARN_UNREACHABLE_CODE = YES;
				CLANG_WARN__DUPLICATE_METHOD_MATCH = YES;
				CODE_SIGN_IDENTITY = "iPhone Developer";
				COPY_PHASE_STRIP = NO;
				DEBUG_INFORMATION_FORMAT = "dwarf-with-dsym";
				ENABLE_NS_ASSERTIONS = NO;
				ENABLE_STRICT_OBJC_MSGSEND = YES;
				GCC_C_LANGUAGE_STANDARD = gnu11;
				GCC_NO_COMMON_BLOCKS = YES;
				GCC_WARN_64_TO_32_BIT_CONVERSION = YES;
				GCC_WARN_ABOUT_RETURN_TYPE = YES_ERROR;
				GCC_WARN_UNDECLARED_SELECTOR = YES;
				GCC_WARN_UNINITIALIZED_AUTOS = YES_AGGRESSIVE;
				GCC_WARN_UNUSED_FUNCTION = YES;
				GCC_WARN_UNUSED_VARIABLE = YES;
				IPHONEOS_DEPLOYMENT_TARGET = 12.1;
				MTL_ENABLE_DEBUG_INFO = NO;
				MTL_FAST_MATH = YES;
				SDKROOT = iphoneos;
				SWIFT_COMPILATION_MODE = wholemodule;
				SWIFT_OPTIMIZATION_LEVEL = "-O";
				VALIDATE_PRODUCT = YES;
			};
			name = Release;
		};
		7C58A85A2214A4DE00994A6A /* Debug */ = {
			isa = XCBuildConfiguration;
			baseConfigurationReference = 4466AF1FE1D394C82200C832 /* Pods-pixel-city.debug.xcconfig */;
			buildSettings = {
				ASSETCATALOG_COMPILER_APPICON_NAME = AppIcon;
				CODE_SIGN_STYLE = Automatic;
				DEVELOPMENT_TEAM = 93GB5WZPDA;
				INFOPLIST_FILE = "pixel-city/Info.plist";
				LD_RUNPATH_SEARCH_PATHS = (
					"$(inherited)",
					"@executable_path/Frameworks",
				);
				PRODUCT_BUNDLE_IDENTIFIER = "com.chrisparr.hustle-mode.pixel-city";
				PRODUCT_NAME = "$(TARGET_NAME)";
				SWIFT_VERSION = 4.2;
				TARGETED_DEVICE_FAMILY = "1,2";
			};
			name = Debug;
		};
		7C58A85B2214A4DE00994A6A /* Release */ = {
			isa = XCBuildConfiguration;
			baseConfigurationReference = C2AB242DE4BBB129B710C416 /* Pods-pixel-city.release.xcconfig */;
			buildSettings = {
				ASSETCATALOG_COMPILER_APPICON_NAME = AppIcon;
				CODE_SIGN_STYLE = Automatic;
				DEVELOPMENT_TEAM = 93GB5WZPDA;
				INFOPLIST_FILE = "pixel-city/Info.plist";
				LD_RUNPATH_SEARCH_PATHS = (
					"$(inherited)",
					"@executable_path/Frameworks",
				);
				PRODUCT_BUNDLE_IDENTIFIER = "com.chrisparr.hustle-mode.pixel-city";
				PRODUCT_NAME = "$(TARGET_NAME)";
				SWIFT_VERSION = 4.2;
				TARGETED_DEVICE_FAMILY = "1,2";
			};
			name = Release;
		};
/* End XCBuildConfiguration section */

/* Begin XCConfigurationList section */
		7C58A8422214A4DB00994A6A /* Build configuration list for PBXProject "pixel-city" */ = {
			isa = XCConfigurationList;
			buildConfigurations = (
				7C58A8572214A4DE00994A6A /* Debug */,
				7C58A8582214A4DE00994A6A /* Release */,
			);
			defaultConfigurationIsVisible = 0;
			defaultConfigurationName = Release;
		};
		7C58A8592214A4DE00994A6A /* Build configuration list for PBXNativeTarget "pixel-city" */ = {
			isa = XCConfigurationList;
			buildConfigurations = (
				7C58A85A2214A4DE00994A6A /* Debug */,
				7C58A85B2214A4DE00994A6A /* Release */,
			);
			defaultConfigurationIsVisible = 0;
			defaultConfigurationName = Release;
		};
/* End XCConfigurationList section */
	};
	rootObject = 7C58A83F2214A4DB00994A6A /* Project object */;
}
